
Microsoft Visual Studio Solution File, Format Version 12.00
# Visual Studio Version 17
VisualStudioVersion = 17.8.34330.188
MinimumVisualStudioVersion = 10.0.40219.1
Project("{FAE04EC0-301F-11D3-BF4B-00C04F79EFBC}") = "QLKTXWEBSITE", "QLKTXWEBSITE\QLKTXWEBSITE.csproj", "{C9F0D1DF-1090-457C-A955-D602F3E55F37}"
EndProject
Global
	GlobalSection(SolutionConfigurationPlatforms) = preSolution
		Debug|Any CPU = Debug|Any CPU
		Release|Any CPU = Release|Any CPU
	EndGlobalSection
	GlobalSection(ProjectConfigurationPlatforms) = postSolution
		{C9F0D1DF-1090-457C-A955-D602F3E55F37}.Debug|Any CPU.ActiveCfg = Debug|Any CPU
		{C9F0D1DF-1090-457C-A955-D602F3E55F37}.Debug|Any CPU.Build.0 = Debug|Any CPU
		{C9F0D1DF-1090-457C-A955-D602F3E55F37}.Release|Any CPU.ActiveCfg = Release|Any CPU
		{C9F0D1DF-1090-457C-A955-D602F3E55F37}.Release|Any CPU.Build.0 = Release|Any CPU
	EndGlobalSection
	GlobalSection(SolutionProperties) = preSolution
		HideSolutionNode = FALSE
	EndGlobalSection
	GlobalSection(ExtensibilityGlobals) = postSolution
		SolutionGuid = {A91F7678-D73B-4715-A2A2-7CA73D5BD395}
	EndGlobalSection
EndGlobal
